
Microsoft Visual Studio Solution File, Format Version 12.00
# Visual Studio 2012
Project("{8BC9CEB8-8B4A-11D0-8D11-00A0C91BC942}") = "CheckMate V0.1", "CheckMate V0.1\CheckMate V0.1.vcxproj", "{4D152030-6B4A-4DDF-A1A5-776E4F0C324B}"
EndProject
Global
	GlobalSection(SolutionConfigurationPlatforms) = preSolution
		Debug|Win32 = Debug|Win32
		Release|Win32 = Release|Win32
	EndGlobalSection
	GlobalSection(ProjectConfigurationPlatforms) = postSolution
		{4D152030-6B4A-4DDF-A1A5-776E4F0C324B}.Debug|Win32.ActiveCfg = Debug|Win32
		{4D152030-6B4A-4DDF-A1A5-776E4F0C324B}.Debug|Win32.Build.0 = Debug|Win32
		{4D152030-6B4A-4DDF-A1A5-776E4F0C324B}.Release|Win32.ActiveCfg = Release|Win32
		{4D152030-6B4A-4DDF-A1A5-776E4F0C324B}.Release|Win32.Build.0 = Release|Win32
	EndGlobalSection
	GlobalSection(SolutionProperties) = preSolution
		HideSolutionNode = FALSE
	EndGlobalSection
	GlobalSection(Performance) = preSolution
		HasPerformanceSessions = true
	EndGlobalSection
EndGlobal
